{
  "name": "blast-radius-parsers",
  "version": "1.0.0",
  "lockfileVersion": 3,
  "requires": true,
  "packages": {
    "": {
      "name": "blast-radius-parsers",
      "version": "1.0.0",
      "dependencies": {
        "@apexdevtools/apex-parser": "^5.1.0",
        "@sf-agentscript/parser": "^4.0.1"
      }
    },
    "node_modules/@apexdevtools/apex-parser": {
      "version": "5.1.0",
      "resolved": "https://registry.npmjs.org/@apexdevtools/apex-parser/-/apex-parser-5.1.0.tgz",
      "integrity": "sha512-DPThB5oMnJ9b62weMpufGQfJjtZ+5UHP5Ne8nOqsDDCAVP3P2yRL80p1qX5BpPxyOowhTJ9RF/3qhat0vCrv4g==",
      "bundleDependencies": [
        "antlr4"
      ],
      "license": "BSD-3-Clause",
      "dependencies": {
        "antlr4": "4.13.2"
      },
      "engines": {
        "node": "^20.19.0 || ^22.13.0 || >=24"
      }
    },
    "node_modules/@apexdevtools/apex-parser/node_modules/antlr4": {
      "version": "4.13.2",
      "inBundle": true,
      "license": "BSD-3-Clause",
      "engines": {
        "node": ">=16"
      }
    },
    "node_modules/@sf-agentscript/parser": {
      "version": "4.0.4",
      "resolved": "https://registry.npmjs.org/@sf-agentscript/parser/-/parser-4.0.4.tgz",
      "integrity": "sha512-KtJBfzJ6HuSBg8X3qGLnGBRUTw571LPPM2mFTO4NbDGTDCO2tXuqkBf3QnwXnQCwUTnpI/6Q6EzLw9wQMEysLg==",
      "license": "Apache-2.0",
      "dependencies": {
        "@sf-agentscript/parser-javascript": "2.6.0",
        "@sf-agentscript/types": "0.2.3"
      },
      "peerDependencies": {
        "@sf-agentscript/parser-tree-sitter": "2.7.0",
        "tree-sitter": "^0.25.0",
        "web-tree-sitter": ">=0.22.0"
      },
      "peerDependenciesMeta": {
        "@sf-agentscript/parser-tree-sitter": {
          "optional": true
        },
        "tree-sitter": {
          "optional": true
        },
        "web-tree-sitter": {
          "optional": true
        }
      }
    },
    "node_modules/@sf-agentscript/parser-javascript": {
      "version": "2.6.0",
      "resolved": "https://registry.npmjs.org/@sf-agentscript/parser-javascript/-/parser-javascript-2.6.0.tgz",
      "integrity": "sha512-rsUhHg3prRJzqQjYAqPeHewNAgS62+I/yg+MrWeqs4HQvYGgx0sQeoN8/tbg3IkegHVo5AHeqkNAz8uh8dZeKQ==",
      "license": "Apache-2.0",
      "dependencies": {
        "@sf-agentscript/types": "0.2.3",
        "tiny-invariant": "^1.3.3"
      }
    },
    "node_modules/@sf-agentscript/types": {
      "version": "0.2.3",
      "resolved": "https://registry.npmjs.org/@sf-agentscript/types/-/types-0.2.3.tgz",
      "integrity": "sha512-OdsozSwl7bLjjyHFTb6LKvaZeJ6r1DrRI/YzVqd3t2wuWu5dV4qUWxNeI0XI6akJkKlGndlsfBE8Y4jfn6OPEg=="
    },
    "node_modules/tiny-invariant": {
      "version": "1.3.3",
      "resolved": "https://registry.npmjs.org/tiny-invariant/-/tiny-invariant-1.3.3.tgz",
      "integrity": "sha512-+FbBPE1o9QAYvviau/qC5SE3caw21q3xkvWKBtja5vgqOWIHHJ3ioaq1VPfn/Szqctz2bU/oYeKd9/z5BL+PVg==",
      "license": "MIT"
    }
  }
}
